
Microsoft Visual Studio Solution File, Format Version 12.00
# Visual Studio Version 17
VisualStudioVersion = 17.11.35327.3
MinimumVisualStudioVersion = 10.0.40219.1
Project("{9A19103F-16F7-4668-BE54-9A1E7A4F7556}") = "Steamviewer", "Steamviewer\Steamviewer\Steamviewer.csproj", "{C53789E2-2E27-43F2-AAA3-FCB884EA6F9A}"
EndProject
Project("{9A19103F-16F7-4668-BE54-9A1E7A4F7556}") = "Steamviewer.Client", "Steamviewer\Steamviewer.Client\Steamviewer.Client.csproj", "{94CE6ED1-70E5-43EE-BAF5-73D03024CBE8}"
EndProject
Project("{2150E333-8FDC-42A3-9474-1A3956D46DE8}") = "frontend", "frontend", "{00FF46D6-AFBC-4D01-9481-05EB886A6394}"
EndProject
Project("{2150E333-8FDC-42A3-9474-1A3956D46DE8}") = "backend", "backend", "{8C4798AB-8C27-42EC-98A7-80405D100724}"
EndProject
Project("{9A19103F-16F7-4668-BE54-9A1E7A4F7556}") = "DAL", "DAL\DAL.csproj", "{54C47DB6-FE7D-469A-9BE2-F78AA7B9E964}"
EndProject
Project("{9A19103F-16F7-4668-BE54-9A1E7A4F7556}") = "Domain", "Domain\Domain.csproj", "{37D42526-88EA-4EA5-801E-4BF59DAE470F}"
EndProject
Project("{9A19103F-16F7-4668-BE54-9A1E7A4F7556}") = "API", "API\API.csproj", "{3CD19F03-46E3-4C11-AC7E-9B25E243E001}"
EndProject
Project("{2150E333-8FDC-42A3-9474-1A3956D46DE8}") = "Элементы решения", "Элементы решения", "{93C5D3CB-02F7-41AA-B3F1-E66F8CB1705D}"
	ProjectSection(SolutionItems) = preProject
		docker-compose.yml = docker-compose.yml
	EndProjectSection
EndProject
Global
	GlobalSection(SolutionConfigurationPlatforms) = preSolution
		Debug|Any CPU = Debug|Any CPU
		Release|Any CPU = Release|Any CPU
	EndGlobalSection
	GlobalSection(ProjectConfigurationPlatforms) = postSolution
		{C53789E2-2E27-43F2-AAA3-FCB884EA6F9A}.Debug|Any CPU.ActiveCfg = Debug|Any CPU
		{C53789E2-2E27-43F2-AAA3-FCB884EA6F9A}.Debug|Any CPU.Build.0 = Debug|Any CPU
		{C53789E2-2E27-43F2-AAA3-FCB884EA6F9A}.Release|Any CPU.ActiveCfg = Release|Any CPU
		{C53789E2-2E27-43F2-AAA3-FCB884EA6F9A}.Release|Any CPU.Build.0 = Release|Any CPU
		{94CE6ED1-70E5-43EE-BAF5-73D03024CBE8}.Debug|Any CPU.ActiveCfg = Debug|Any CPU
		{94CE6ED1-70E5-43EE-BAF5-73D03024CBE8}.Debug|Any CPU.Build.0 = Debug|Any CPU
		{94CE6ED1-70E5-43EE-BAF5-73D03024CBE8}.Release|Any CPU.ActiveCfg = Release|Any CPU
		{94CE6ED1-70E5-43EE-BAF5-73D03024CBE8}.Release|Any CPU.Build.0 = Release|Any CPU
		{54C47DB6-FE7D-469A-9BE2-F78AA7B9E964}.Debug|Any CPU.ActiveCfg = Debug|Any CPU
		{54C47DB6-FE7D-469A-9BE2-F78AA7B9E964}.Debug|Any CPU.Build.0 = Debug|Any CPU
		{54C47DB6-FE7D-469A-9BE2-F78AA7B9E964}.Release|Any CPU.ActiveCfg = Release|Any CPU
		{54C47DB6-FE7D-469A-9BE2-F78AA7B9E964}.Release|Any CPU.Build.0 = Release|Any CPU
		{37D42526-88EA-4EA5-801E-4BF59DAE470F}.Debug|Any CPU.ActiveCfg = Debug|Any CPU
		{37D42526-88EA-4EA5-801E-4BF59DAE470F}.Debug|Any CPU.Build.0 = Debug|Any CPU
		{37D42526-88EA-4EA5-801E-4BF59DAE470F}.Release|Any CPU.ActiveCfg = Release|Any CPU
		{37D42526-88EA-4EA5-801E-4BF59DAE470F}.Release|Any CPU.Build.0 = Release|Any CPU
		{3CD19F03-46E3-4C11-AC7E-9B25E243E001}.Debug|Any CPU.ActiveCfg = Debug|Any CPU
		{3CD19F03-46E3-4C11-AC7E-9B25E243E001}.Debug|Any CPU.Build.0 = Debug|Any CPU
		{3CD19F03-46E3-4C11-AC7E-9B25E243E001}.Release|Any CPU.ActiveCfg = Release|Any CPU
		{3CD19F03-46E3-4C11-AC7E-9B25E243E001}.Release|Any CPU.Build.0 = Release|Any CPU
	EndGlobalSection
	GlobalSection(SolutionProperties) = preSolution
		HideSolutionNode = FALSE
	EndGlobalSection
	GlobalSection(NestedProjects) = preSolution
		{C53789E2-2E27-43F2-AAA3-FCB884EA6F9A} = {00FF46D6-AFBC-4D01-9481-05EB886A6394}
		{94CE6ED1-70E5-43EE-BAF5-73D03024CBE8} = {00FF46D6-AFBC-4D01-9481-05EB886A6394}
		{54C47DB6-FE7D-469A-9BE2-F78AA7B9E964} = {8C4798AB-8C27-42EC-98A7-80405D100724}
		{37D42526-88EA-4EA5-801E-4BF59DAE470F} = {8C4798AB-8C27-42EC-98A7-80405D100724}
		{3CD19F03-46E3-4C11-AC7E-9B25E243E001} = {8C4798AB-8C27-42EC-98A7-80405D100724}
	EndGlobalSection
	GlobalSection(ExtensibilityGlobals) = postSolution
		SolutionGuid = {40694B24-E2EE-4C55-9C26-C843DD70B6D8}
	EndGlobalSection
EndGlobal
